
Microsoft Visual Studio Solution File, Format Version 12.00
# Visual Studio Version 17
VisualStudioVersion = 17.1.32319.34
MinimumVisualStudioVersion = 10.0.40219.1
Project("{FAE04EC0-301F-11D3-BF4B-00C04F79EFBC}") = "LoginApi", "LoginApi\LoginApi.csproj", "{540B8D7F-8B7D-467B-A41A-8C2652D388B6}"
EndProject
Global
	GlobalSection(SolutionConfigurationPlatforms) = preSolution
		Debug|Any CPU = Debug|Any CPU
		Release|Any CPU = Release|Any CPU
	EndGlobalSection
	GlobalSection(ProjectConfigurationPlatforms) = postSolution
		{540B8D7F-8B7D-467B-A41A-8C2652D388B6}.Debug|Any CPU.ActiveCfg = Debug|Any CPU
		{540B8D7F-8B7D-467B-A41A-8C2652D388B6}.Debug|Any CPU.Build.0 = Debug|Any CPU
		{540B8D7F-8B7D-467B-A41A-8C2652D388B6}.Release|Any CPU.ActiveCfg = Release|Any CPU
		{540B8D7F-8B7D-467B-A41A-8C2652D388B6}.Release|Any CPU.Build.0 = Release|Any CPU
	EndGlobalSection
	GlobalSection(SolutionProperties) = preSolution
		HideSolutionNode = FALSE
	EndGlobalSection
	GlobalSection(ExtensibilityGlobals) = postSolution
		SolutionGuid = {8FB08705-F68F-41E6-AEBB-45E88F257ECC}
	EndGlobalSection
EndGlobal
